
Microsoft Visual Studio Solution File, Format Version 12.00
# Visual Studio Version 16
VisualStudioVersion = 16.0.30621.155
MinimumVisualStudioVersion = 10.0.40219.1
Project("{FAE04EC0-301F-11D3-BF4B-00C04F79EFBC}") = "StoreAPI", "StoreAPI\StoreAPI.csproj", "{6DCA376B-7D13-4F21-B8FF-7EF5DB412E7B}"
EndProject
Project("{9A19103F-16F7-4668-BE54-9A1E7A4F7556}") = "StoreDB", "StoreDB\StoreDB.csproj", "{686877D9-1A06-4C0A-8255-4DF530412EF9}"
EndProject
Project("{9A19103F-16F7-4668-BE54-9A1E7A4F7556}") = "StoreLib", "StoreLib\StoreLib.csproj", "{F88E45F6-1812-4368-8BA6-33888D16F475}"
EndProject
Project("{9A19103F-16F7-4668-BE54-9A1E7A4F7556}") = "StoreTest", "StoreTest\StoreTest.csproj", "{08B06B47-A137-42D0-8494-CFE5EF096E57}"
EndProject
Global
	GlobalSection(SolutionConfigurationPlatforms) = preSolution
		Debug|Any CPU = Debug|Any CPU
		Release|Any CPU = Release|Any CPU
	EndGlobalSection
	GlobalSection(ProjectConfigurationPlatforms) = postSolution
		{6DCA376B-7D13-4F21-B8FF-7EF5DB412E7B}.Debug|Any CPU.ActiveCfg = Debug|Any CPU
		{6DCA376B-7D13-4F21-B8FF-7EF5DB412E7B}.Debug|Any CPU.Build.0 = Debug|Any CPU
		{6DCA376B-7D13-4F21-B8FF-7EF5DB412E7B}.Release|Any CPU.ActiveCfg = Release|Any CPU
		{6DCA376B-7D13-4F21-B8FF-7EF5DB412E7B}.Release|Any CPU.Build.0 = Release|Any CPU
		{686877D9-1A06-4C0A-8255-4DF530412EF9}.Debug|Any CPU.ActiveCfg = Debug|Any CPU
		{686877D9-1A06-4C0A-8255-4DF530412EF9}.Debug|Any CPU.Build.0 = Debug|Any CPU
		{686877D9-1A06-4C0A-8255-4DF530412EF9}.Release|Any CPU.ActiveCfg = Release|Any CPU
		{686877D9-1A06-4C0A-8255-4DF530412EF9}.Release|Any CPU.Build.0 = Release|Any CPU
		{F88E45F6-1812-4368-8BA6-33888D16F475}.Debug|Any CPU.ActiveCfg = Debug|Any CPU
		{F88E45F6-1812-4368-8BA6-33888D16F475}.Debug|Any CPU.Build.0 = Debug|Any CPU
		{F88E45F6-1812-4368-8BA6-33888D16F475}.Release|Any CPU.ActiveCfg = Release|Any CPU
		{F88E45F6-1812-4368-8BA6-33888D16F475}.Release|Any CPU.Build.0 = Release|Any CPU
		{08B06B47-A137-42D0-8494-CFE5EF096E57}.Debug|Any CPU.ActiveCfg = Debug|Any CPU
		{08B06B47-A137-42D0-8494-CFE5EF096E57}.Debug|Any CPU.Build.0 = Debug|Any CPU
		{08B06B47-A137-42D0-8494-CFE5EF096E57}.Release|Any CPU.ActiveCfg = Release|Any CPU
		{08B06B47-A137-42D0-8494-CFE5EF096E57}.Release|Any CPU.Build.0 = Release|Any CPU
	EndGlobalSection
	GlobalSection(SolutionProperties) = preSolution
		HideSolutionNode = FALSE
	EndGlobalSection
	GlobalSection(ExtensibilityGlobals) = postSolution
		SolutionGuid = {8EE8D596-44AE-4925-A7F7-3A517B479346}
	EndGlobalSection
EndGlobal
